
Microsoft Visual Studio Solution File, Format Version 12.00
# Visual Studio Version 17
VisualStudioVersion = 17.6.33815.320
MinimumVisualStudioVersion = 10.0.40219.1
Project("{FAE04EC0-301F-11D3-BF4B-00C04F79EFBC}") = "Resturant-RES-MVC-ITI-PRJ", "Resturant-RES-MVC-ITI-PRJ.csproj", "{D175160A-B006-4E5F-B448-F709078DFAD7}"
EndProject
Global
	GlobalSection(SolutionConfigurationPlatforms) = preSolution
		Debug|Any CPU = Debug|Any CPU
		Release|Any CPU = Release|Any CPU
	EndGlobalSection
	GlobalSection(ProjectConfigurationPlatforms) = postSolution
		{D175160A-B006-4E5F-B448-F709078DFAD7}.Debug|Any CPU.ActiveCfg = Debug|Any CPU
		{D175160A-B006-4E5F-B448-F709078DFAD7}.Debug|Any CPU.Build.0 = Debug|Any CPU
		{D175160A-B006-4E5F-B448-F709078DFAD7}.Release|Any CPU.ActiveCfg = Release|Any CPU
		{D175160A-B006-4E5F-B448-F709078DFAD7}.Release|Any CPU.Build.0 = Release|Any CPU
	EndGlobalSection
	GlobalSection(SolutionProperties) = preSolution
		HideSolutionNode = FALSE
	EndGlobalSection
	GlobalSection(ExtensibilityGlobals) = postSolution
		SolutionGuid = {D4BEE381-AFCB-4B07-A531-B847934CCDD7}
	EndGlobalSection
EndGlobal
